// !$*UTF8*$!
{
	archiveVersion = 1;
	classes = {
	};
	objectVersion = 46;
	objects = {

/* Begin PBXBuildFile section */
		773C40921D4AE6E100EBC5BE /* main.m in Sources */ = {isa = PBXBuildFile; fileRef = 773C40911D4AE6E100EBC5BE /* main.m */; };
		773C409A1D4AE82500EBC5BE /* Group.m in Sources */ = {isa = PBXBuildFile; fileRef = 773C40991D4AE82500EBC5BE /* Group.m */; };
		773C409D1D4AEA3900EBC5BE /* RequirementGroup.m in Sources */ = {isa = PBXBuildFile; fileRef = 773C409C1D4AEA3900EBC5BE /* RequirementGroup.m */; };
		773C40A01D4AFCD400EBC5BE /* PageGroup.m in Sources */ = {isa = PBXBuildFile; fileRef = 773C409F1D4AFCD400EBC5BE /* PageGroup.m */; };
		773C40A31D4B018B00EBC5BE /* CodeGroup.m in Sources */ = {isa = PBXBuildFile; fileRef = 773C40A21D4B018B00EBC5BE /* CodeGroup.m */; };
		773C40A71D4B0BE600EBC5BE /* Command.m in Sources */ = {isa = PBXBuildFile; fileRef = 773C40A61D4B0BE600EBC5BE /* Command.m */; };
		773C40AA1D4B0D2A00EBC5BE /* AddRequirementCommand.m in Sources */ = {isa = PBXBuildFile; fileRef = 773C40A91D4B0D2A00EBC5BE /* AddRequirementCommand.m */; };
		773C40AD1D4B157200EBC5BE /* DeletePageCommand.m in Sources */ = {isa = PBXBuildFile; fileRef = 773C40AC1D4B157200EBC5BE /* DeletePageCommand.m */; };
		773C40B11D4B168A00EBC5BE /* Invoker.m in Sources */ = {isa = PBXBuildFile; fileRef = 773C40B01D4B168A00EBC5BE /* Invoker.m */; };
/* End PBXBuildFile section */

/* Begin PBXCopyFilesBuildPhase section */
		773C408C1D4AE6E100EBC5BE /* CopyFiles */ = {
			isa = PBXCopyFilesBuildPhase;
			buildActionMask = 2147483647;
			dstPath = /usr/share/man/man1/;
			dstSubfolderSpec = 0;
			files = (
			);
			runOnlyForDeploymentPostprocessing = 1;
		};
/* End PBXCopyFilesBuildPhase section */

/* Begin PBXFileReference section */
		773C408E1D4AE6E100EBC5BE /* CommandPattern */ = {isa = PBXFileReference; explicitFileType = "compiled.mach-o.executable"; includeInIndex = 0; path = CommandPattern; sourceTree = BUILT_PRODUCTS_DIR; };
		773C40911D4AE6E100EBC5BE /* main.m */ = {isa = PBXFileReference; lastKnownFileType = sourcecode.c.objc; path = main.m; sourceTree = "<group>"; };
		773C40981D4AE82500EBC5BE /* Group.h */ = {isa = PBXFileReference; fileEncoding = 4; lastKnownFileType = sourcecode.c.h; path = Group.h; sourceTree = "<group>"; };
		773C40991D4AE82500EBC5BE /* Group.m */ = {isa = PBXFileReference; fileEncoding = 4; lastKnownFileType = sourcecode.c.objc; path = Group.m; sourceTree = "<group>"; };
		773C409B1D4AEA3900EBC5BE /* RequirementGroup.h */ = {isa = PBXFileReference; fileEncoding = 4; lastKnownFileType = sourcecode.c.h; path = RequirementGroup.h; sourceTree = "<group>"; };
		773C409C1D4AEA3900EBC5BE /* RequirementGroup.m */ = {isa = PBXFileReference; fileEncoding = 4; lastKnownFileType = sourcecode.c.objc; path = RequirementGroup.m; sourceTree = "<group>"; };
		773C409E1D4AFCD400EBC5BE /* PageGroup.h */ = {isa = PBXFileReference; fileEncoding = 4; lastKnownFileType = sourcecode.c.h; path = PageGroup.h; sourceTree = "<group>"; };
		773C409F1D4AFCD400EBC5BE /* PageGroup.m */ = {isa = PBXFileReference; fileEncoding = 4; lastKnownFileType = sourcecode.c.objc; path = PageGroup.m; sourceTree = "<group>"; };
		773C40A11D4B018B00EBC5BE /* CodeGroup.h */ = {isa = PBXFileReference; fileEncoding = 4; lastKnownFileType = sourcecode.c.h; path = CodeGroup.h; sourceTree = "<group>"; };
		773C40A21D4B018B00EBC5BE /* CodeGroup.m */ = {isa = PBXFileReference; fileEncoding = 4; lastKnownFileType = sourcecode.c.objc; path = CodeGroup.m; sourceTree = "<group>"; };
		773C40A51D4B0BE600EBC5BE /* Command.h */ = {isa = PBXFileReference; fileEncoding = 4; lastKnownFileType = sourcecode.c.h; path = Command.h; sourceTree = "<group>"; };
		773C40A61D4B0BE600EBC5BE /* Command.m */ = {isa = PBXFileReference; fileEncoding = 4; lastKnownFileType = sourcecode.c.objc; path = Command.m; sourceTree = "<group>"; };
		773C40A81D4B0D2A00EBC5BE /* AddRequirementCommand.h */ = {isa = PBXFileReference; fileEncoding = 4; lastKnownFileType = sourcecode.c.h; path = AddRequirementCommand.h; sourceTree = "<group>"; };
		773C40A91D4B0D2A00EBC5BE /* AddRequirementCommand.m */ = {isa = PBXFileReference; fileEncoding = 4; lastKnownFileType = sourcecode.c.objc; path = AddRequirementCommand.m; sourceTree = "<group>"; };
		773C40AB1D4B157200EBC5BE /* DeletePageCommand.h */ = {isa = PBXFileReference; fileEncoding = 4; lastKnownFileType = sourcecode.c.h; path = DeletePageCommand.h; sourceTree = "<group>"; };
		773C40AC1D4B157200EBC5BE /* DeletePageCommand.m */ = {isa = PBXFileReference; fileEncoding = 4; lastKnownFileType = sourcecode.c.objc; path = DeletePageCommand.m; sourceTree = "<group>"; };
		773C40AF1D4B168A00EBC5BE /* Invoker.h */ = {isa = PBXFileReference; fileEncoding = 4; lastKnownFileType = sourcecode.c.h; path = Invoker.h; sourceTree = "<group>"; };
		773C40B01D4B168A00EBC5BE /* Invoker.m */ = {isa = PBXFileReference; fileEncoding = 4; lastKnownFileType = sourcecode.c.objc; path = Invoker.m; sourceTree = "<group>"; };
		773C40B21D4B1A7200EBC5BE /* command_pattern002.png */ = {isa = PBXFileReference; lastKnownFileType = image.png; path = command_pattern002.png; sourceTree = "<group>"; };
		773C40B31D4B1A7800EBC5BE /* command_pattern001.png */ = {isa = PBXFileReference; lastKnownFileType = image.png; path = command_pattern001.png; sourceTree = "<group>"; };
/* End PBXFileReference section */

/* Begin PBXFrameworksBuildPhase section */
		773C408B1D4AE6E100EBC5BE /* Frameworks */ = {
			isa = PBXFrameworksBuildPhase;
			buildActionMask = 2147483647;
			files = (
			);
			runOnlyForDeploymentPostprocessing = 0;
		};
/* End PBXFrameworksBuildPhase section */

/* Begin PBXGroup section */
		773C40851D4AE6E100EBC5BE = {
			isa = PBXGroup;
			children = (
				773C40AE1D4B166F00EBC5BE /* Invoker */,
				773C40A41D4B025C00EBC5BE /* Command */,
				773C40901D4AE6E100EBC5BE /* CommandPattern */,
				773C408F1D4AE6E100EBC5BE /* Products */,
			);
			sourceTree = "<group>";
		};
		773C408F1D4AE6E100EBC5BE /* Products */ = {
			isa = PBXGroup;
			children = (
				773C408E1D4AE6E100EBC5BE /* CommandPattern */,
			);
			name = Products;
			sourceTree = "<group>";
		};
		773C40901D4AE6E100EBC5BE /* CommandPattern */ = {
			isa = PBXGroup;
			children = (
				773C40911D4AE6E100EBC5BE /* main.m */,
				773C40981D4AE82500EBC5BE /* Group.h */,
				773C40991D4AE82500EBC5BE /* Group.m */,
				773C409B1D4AEA3900EBC5BE /* RequirementGroup.h */,
				773C409C1D4AEA3900EBC5BE /* RequirementGroup.m */,
				773C409E1D4AFCD400EBC5BE /* PageGroup.h */,
				773C409F1D4AFCD400EBC5BE /* PageGroup.m */,
				773C40A11D4B018B00EBC5BE /* CodeGroup.h */,
				773C40A21D4B018B00EBC5BE /* CodeGroup.m */,
			);
			path = CommandPattern;
			sourceTree = "<group>";
		};
		773C40A41D4B025C00EBC5BE /* Command */ = {
			isa = PBXGroup;
			children = (
				773C40B31D4B1A7800EBC5BE /* command_pattern001.png */,
				773C40B21D4B1A7200EBC5BE /* command_pattern002.png */,
				773C40A51D4B0BE600EBC5BE /* Command.h */,
				773C40A61D4B0BE600EBC5BE /* Command.m */,
				773C40A81D4B0D2A00EBC5BE /* AddRequirementCommand.h */,
				773C40A91D4B0D2A00EBC5BE /* AddRequirementCommand.m */,
				773C40AB1D4B157200EBC5BE /* DeletePageCommand.h */,
				773C40AC1D4B157200EBC5BE /* DeletePageCommand.m */,
			);
			path = Command;
			sourceTree = "<group>";
		};
		773C40AE1D4B166F00EBC5BE /* Invoker */ = {
			isa = PBXGroup;
			children = (
				773C40AF1D4B168A00EBC5BE /* Invoker.h */,
				773C40B01D4B168A00EBC5BE /* Invoker.m */,
			);
			path = Invoker;
			sourceTree = "<group>";
		};
/* End PBXGroup section */

/* Begin PBXNativeTarget section */
		773C408D1D4AE6E100EBC5BE /* CommandPattern */ = {
			isa = PBXNativeTarget;
			buildConfigurationList = 773C40951D4AE6E100EBC5BE /* Build configuration list for PBXNativeTarget "CommandPattern" */;
			buildPhases = (
				773C408A1D4AE6E100EBC5BE /* Sources */,
				773C408B1D4AE6E100EBC5BE /* Frameworks */,
				773C408C1D4AE6E100EBC5BE /* CopyFiles */,
			);
			buildRules = (
			);
			dependencies = (
			);
			name = CommandPattern;
			productName = CommandPattern;
			productReference = 773C408E1D4AE6E100EBC5BE /* CommandPattern */;
			productType = "com.apple.product-type.tool";
		};
/* End PBXNativeTarget section */

/* Begin PBXProject section */
		773C40861D4AE6E100EBC5BE /* Project object */ = {
			isa = PBXProject;
			attributes = {
				LastUpgradeCheck = 0730;
				ORGANIZATIONNAME = "hairong chen";
				TargetAttributes = {
					773C408D1D4AE6E100EBC5BE = {
						CreatedOnToolsVersion = 7.3.1;
					};
				};
			};
			buildConfigurationList = 773C40891D4AE6E100EBC5BE /* Build configuration list for PBXProject "CommandPattern" */;
			compatibilityVersion = "Xcode 3.2";
			developmentRegion = English;
			hasScannedForEncodings = 0;
			knownRegions = (
				en,
			);
			mainGroup = 773C40851D4AE6E100EBC5BE;
			productRefGroup = 773C408F1D4AE6E100EBC5BE /* Products */;
			projectDirPath = "";
			projectRoot = "";
			targets = (
				773C408D1D4AE6E100EBC5BE /* CommandPattern */,
			);
		};
/* End PBXProject section */

/* Begin PBXSourcesBuildPhase section */
		773C408A1D4AE6E100EBC5BE /* Sources */ = {
			isa = PBXSourcesBuildPhase;
			buildActionMask = 2147483647;
			files = (
				773C40A31D4B018B00EBC5BE /* CodeGroup.m in Sources */,
				773C40AA1D4B0D2A00EBC5BE /* AddRequirementCommand.m in Sources */,
				773C40A71D4B0BE600EBC5BE /* Command.m in Sources */,
				773C40A01D4AFCD400EBC5BE /* PageGroup.m in Sources */,
				773C409D1D4AEA3900EBC5BE /* RequirementGroup.m in Sources */,
				773C40AD1D4B157200EBC5BE /* DeletePageCommand.m in Sources */,
				773C40B11D4B168A00EBC5BE /* Invoker.m in Sources */,
				773C40921D4AE6E100EBC5BE /* main.m in Sources */,
				773C409A1D4AE82500EBC5BE /* Group.m in Sources */,
			);
			runOnlyForDeploymentPostprocessing = 0;
		};
/* End PBXSourcesBuildPhase section */

/* Begin XCBuildConfiguration section */
		773C40931D4AE6E100EBC5BE /* Debug */ = {
			isa = XCBuildConfiguration;
			buildSettings = {
				ALWAYS_SEARCH_USER_PATHS = NO;
				CLANG_ANALYZER_NONNULL = YES;
				CLANG_CXX_LANGUAGE_STANDARD = "gnu++0x";
				CLANG_CXX_LIBRARY = "libc++";
				CLANG_ENABLE_MODULES = YES;
				CLANG_ENABLE_OBJC_ARC = YES;
				CLANG_WARN_BOOL_CONVERSION = YES;
				CLANG_WARN_CONSTANT_CONVERSION = YES;
				CLANG_WARN_DIRECT_OBJC_ISA_USAGE = YES_ERROR;
				CLANG_WARN_EMPTY_BODY = YES;
				CLANG_WARN_ENUM_CONVERSION = YES;
				CLANG_WARN_INT_CONVERSION = YES;
				CLANG_WARN_OBJC_ROOT_CLASS = YES_ERROR;
				CLANG_WARN_UNREACHABLE_CODE = YES;
				CLANG_WARN__DUPLICATE_METHOD_MATCH = YES;
				CODE_SIGN_IDENTITY = "-";
				COPY_PHASE_STRIP = NO;
				DEBUG_INFORMATION_FORMAT = dwarf;
				ENABLE_STRICT_OBJC_MSGSEND = YES;
				ENABLE_TESTABILITY = YES;
				GCC_C_LANGUAGE_STANDARD = gnu99;
				GCC_DYNAMIC_NO_PIC = NO;
				GCC_NO_COMMON_BLOCKS = YES;
				GCC_OPTIMIZATION_LEVEL = 0;
				GCC_PREPROCESSOR_DEFINITIONS = (
					"DEBUG=1",
					"$(inherited)",
				);
				GCC_WARN_64_TO_32_BIT_CONVERSION = YES;
				GCC_WARN_ABOUT_RETURN_TYPE = YES_ERROR;
				GCC_WARN_UNDECLARED_SELECTOR = YES;
				GCC_WARN_UNINITIALIZED_AUTOS = YES_AGGRESSIVE;
				GCC_WARN_UNUSED_FUNCTION = YES;
				GCC_WARN_UNUSED_VARIABLE = YES;
				MACOSX_DEPLOYMENT_TARGET = 10.11;
				MTL_ENABLE_DEBUG_INFO = YES;
				ONLY_ACTIVE_ARCH = YES;
				SDKROOT = macosx;
			};
			name = Debug;
		};
		773C40941D4AE6E100EBC5BE /* Release */ = {
			isa = XCBuildConfiguration;
			buildSettings = {
				ALWAYS_SEARCH_USER_PATHS = NO;
				CLANG_ANALYZER_NONNULL = YES;
				CLANG_CXX_LANGUAGE_STANDARD = "gnu++0x";
				CLANG_CXX_LIBRARY = "libc++";
				CLANG_ENABLE_MODULES = YES;
				CLANG_ENABLE_OBJC_ARC = YES;
				CLANG_WARN_BOOL_CONVERSION = YES;
				CLANG_WARN_CONSTANT_CONVERSION = YES;
				CLANG_WARN_DIRECT_OBJC_ISA_USAGE = YES_ERROR;
				CLANG_WARN_EMPTY_BODY = YES;
				CLANG_WARN_ENUM_CONVERSION = YES;
				CLANG_WARN_INT_CONVERSION = YES;
				CLANG_WARN_OBJC_ROOT_CLASS = YES_ERROR;
				CLANG_WARN_UNREACHABLE_CODE = YES;
				CLANG_WARN__DUPLICATE_METHOD_MATCH = YES;
				CODE_SIGN_IDENTITY = "-";
				COPY_PHASE_STRIP = NO;
				DEBUG_INFORMATION_FORMAT = "dwarf-with-dsym";
				ENABLE_NS_ASSERTIONS = NO;
				ENABLE_STRICT_OBJC_MSGSEND = YES;
				GCC_C_LANGUAGE_STANDARD = gnu99;
				GCC_NO_COMMON_BLOCKS = YES;
				GCC_WARN_64_TO_32_BIT_CONVERSION = YES;
				GCC_WARN_ABOUT_RETURN_TYPE = YES_ERROR;
				GCC_WARN_UNDECLARED_SELECTOR = YES;
				GCC_WARN_UNINITIALIZED_AUTOS = YES_AGGRESSIVE;
				GCC_WARN_UNUSED_FUNCTION = YES;
				GCC_WARN_UNUSED_VARIABLE = YES;
				MACOSX_DEPLOYMENT_TARGET = 10.11;
				MTL_ENABLE_DEBUG_INFO = NO;
				SDKROOT = macosx;
			};
			name = Release;
		};
		773C40961D4AE6E100EBC5BE /* Debug */ = {
			isa = XCBuildConfiguration;
			buildSettings = {
				PRODUCT_NAME = "$(TARGET_NAME)";
			};
			name = Debug;
		};
		773C40971D4AE6E100EBC5BE /* Release */ = {
			isa = XCBuildConfiguration;
			buildSettings = {
				PRODUCT_NAME = "$(TARGET_NAME)";
			};
			name = Release;
		};
/* End XCBuildConfiguration section */

/* Begin XCConfigurationList section */
		773C40891D4AE6E100EBC5BE /* Build configuration list for PBXProject "CommandPattern" */ = {
			isa = XCConfigurationList;
			buildConfigurations = (
				773C40931D4AE6E100EBC5BE /* Debug */,
				773C40941D4AE6E100EBC5BE /* Release */,
			);
			defaultConfigurationIsVisible = 0;
			defaultConfigurationName = Release;
		};
		773C40951D4AE6E100EBC5BE /* Build configuration list for PBXNativeTarget "CommandPattern" */ = {
			isa = XCConfigurationList;
			buildConfigurations = (
				773C40961D4AE6E100EBC5BE /* Debug */,
				773C40971D4AE6E100EBC5BE /* Release */,
			);
			defaultConfigurationIsVisible = 0;
		};
/* End XCConfigurationList section */
	};
	rootObject = 773C40861D4AE6E100EBC5BE /* Project object */;
}
