// !$*UTF8*$!
{
	archiveVersion = 1;
	classes = {
	};
	objectVersion = 46;
	objects = {

/* Begin PBXBuildFile section */
		77842DDA1D4D8D1A006B0F46 /* main.m in Sources */ = {isa = PBXBuildFile; fileRef = 77842DD91D4D8D1A006B0F46 /* main.m */; };
		77842DE31D4D923D006B0F46 /* BackDoor.m in Sources */ = {isa = PBXBuildFile; fileRef = 77842DE21D4D923D006B0F46 /* BackDoor.m */; };
		77842DE61D4DA407006B0F46 /* GivenGreenLight.m in Sources */ = {isa = PBXBuildFile; fileRef = 77842DE51D4DA407006B0F46 /* GivenGreenLight.m */; };
		77842DE91D4DA472006B0F46 /* BlockEnemh.m in Sources */ = {isa = PBXBuildFile; fileRef = 77842DE81D4DA472006B0F46 /* BlockEnemh.m */; };
		77842DEC1D4DA4E8006B0F46 /* Context.m in Sources */ = {isa = PBXBuildFile; fileRef = 77842DEB1D4DA4E8006B0F46 /* Context.m */; };
		77842DF31D4DAAE9006B0F46 /* ConcreteStrategy1.m in Sources */ = {isa = PBXBuildFile; fileRef = 77842DF21D4DAAE9006B0F46 /* ConcreteStrategy1.m */; };
		77842DF61D4DAB3B006B0F46 /* ConcreteStrategy2.m in Sources */ = {isa = PBXBuildFile; fileRef = 77842DF51D4DAB3B006B0F46 /* ConcreteStrategy2.m */; };
		77842DF91D4DAB88006B0F46 /* RHCContext.m in Sources */ = {isa = PBXBuildFile; fileRef = 77842DF81D4DAB88006B0F46 /* RHCContext.m */; };
		77842DFE1D4DB86E006B0F46 /* Add.m in Sources */ = {isa = PBXBuildFile; fileRef = 77842DFD1D4DB86E006B0F46 /* Add.m */; };
		77842E011D4DB8B0006B0F46 /* Sub.m in Sources */ = {isa = PBXBuildFile; fileRef = 77842E001D4DB8B0006B0F46 /* Sub.m */; };
		77842E041D4DB8F0006B0F46 /* CalContext.m in Sources */ = {isa = PBXBuildFile; fileRef = 77842E031D4DB8F0006B0F46 /* CalContext.m */; };
		77842E071D4DBC7C006B0F46 /* NSObject+CalContext.m in Sources */ = {isa = PBXBuildFile; fileRef = 77842E061D4DBC7C006B0F46 /* NSObject+CalContext.m */; };
/* End PBXBuildFile section */

/* Begin PBXCopyFilesBuildPhase section */
		77842DD41D4D8D1A006B0F46 /* CopyFiles */ = {
			isa = PBXCopyFilesBuildPhase;
			buildActionMask = 2147483647;
			dstPath = /usr/share/man/man1/;
			dstSubfolderSpec = 0;
			files = (
			);
			runOnlyForDeploymentPostprocessing = 1;
		};
/* End PBXCopyFilesBuildPhase section */

/* Begin PBXFileReference section */
		77842DD61D4D8D1A006B0F46 /* StrategyPattern */ = {isa = PBXFileReference; explicitFileType = "compiled.mach-o.executable"; includeInIndex = 0; path = StrategyPattern; sourceTree = BUILT_PRODUCTS_DIR; };
		77842DD91D4D8D1A006B0F46 /* main.m */ = {isa = PBXFileReference; lastKnownFileType = sourcecode.c.objc; path = main.m; sourceTree = "<group>"; };
		77842DE01D4D9213006B0F46 /* IStrategy.h */ = {isa = PBXFileReference; fileEncoding = 4; lastKnownFileType = sourcecode.c.h; path = IStrategy.h; sourceTree = "<group>"; };
		77842DE11D4D923D006B0F46 /* BackDoor.h */ = {isa = PBXFileReference; fileEncoding = 4; lastKnownFileType = sourcecode.c.h; path = BackDoor.h; sourceTree = "<group>"; };
		77842DE21D4D923D006B0F46 /* BackDoor.m */ = {isa = PBXFileReference; fileEncoding = 4; lastKnownFileType = sourcecode.c.objc; path = BackDoor.m; sourceTree = "<group>"; };
		77842DE41D4DA407006B0F46 /* GivenGreenLight.h */ = {isa = PBXFileReference; fileEncoding = 4; lastKnownFileType = sourcecode.c.h; path = GivenGreenLight.h; sourceTree = "<group>"; };
		77842DE51D4DA407006B0F46 /* GivenGreenLight.m */ = {isa = PBXFileReference; fileEncoding = 4; lastKnownFileType = sourcecode.c.objc; path = GivenGreenLight.m; sourceTree = "<group>"; };
		77842DE71D4DA472006B0F46 /* BlockEnemh.h */ = {isa = PBXFileReference; fileEncoding = 4; lastKnownFileType = sourcecode.c.h; path = BlockEnemh.h; sourceTree = "<group>"; };
		77842DE81D4DA472006B0F46 /* BlockEnemh.m */ = {isa = PBXFileReference; fileEncoding = 4; lastKnownFileType = sourcecode.c.objc; path = BlockEnemh.m; sourceTree = "<group>"; };
		77842DEA1D4DA4E8006B0F46 /* Context.h */ = {isa = PBXFileReference; fileEncoding = 4; lastKnownFileType = sourcecode.c.h; path = Context.h; sourceTree = "<group>"; };
		77842DEB1D4DA4E8006B0F46 /* Context.m */ = {isa = PBXFileReference; fileEncoding = 4; lastKnownFileType = sourcecode.c.objc; path = Context.m; sourceTree = "<group>"; };
		77842DED1D4DA8D3006B0F46 /* strategyPattern001.png */ = {isa = PBXFileReference; lastKnownFileType = image.png; path = strategyPattern001.png; sourceTree = "<group>"; };
		77842DEE1D4DA9C6006B0F46 /* strategyPattern002.png */ = {isa = PBXFileReference; lastKnownFileType = image.png; path = strategyPattern002.png; sourceTree = "<group>"; };
		77842DF01D4DAA8F006B0F46 /* Strategy.h */ = {isa = PBXFileReference; fileEncoding = 4; lastKnownFileType = sourcecode.c.h; path = Strategy.h; sourceTree = "<group>"; };
		77842DF11D4DAAE9006B0F46 /* ConcreteStrategy1.h */ = {isa = PBXFileReference; fileEncoding = 4; lastKnownFileType = sourcecode.c.h; path = ConcreteStrategy1.h; sourceTree = "<group>"; };
		77842DF21D4DAAE9006B0F46 /* ConcreteStrategy1.m */ = {isa = PBXFileReference; fileEncoding = 4; lastKnownFileType = sourcecode.c.objc; path = ConcreteStrategy1.m; sourceTree = "<group>"; };
		77842DF41D4DAB3B006B0F46 /* ConcreteStrategy2.h */ = {isa = PBXFileReference; fileEncoding = 4; lastKnownFileType = sourcecode.c.h; path = ConcreteStrategy2.h; sourceTree = "<group>"; };
		77842DF51D4DAB3B006B0F46 /* ConcreteStrategy2.m */ = {isa = PBXFileReference; fileEncoding = 4; lastKnownFileType = sourcecode.c.objc; path = ConcreteStrategy2.m; sourceTree = "<group>"; };
		77842DF71D4DAB88006B0F46 /* RHCContext.h */ = {isa = PBXFileReference; fileEncoding = 4; lastKnownFileType = sourcecode.c.h; path = RHCContext.h; sourceTree = "<group>"; };
		77842DF81D4DAB88006B0F46 /* RHCContext.m */ = {isa = PBXFileReference; fileEncoding = 4; lastKnownFileType = sourcecode.c.objc; path = RHCContext.m; sourceTree = "<group>"; };
		77842DFB1D4DB795006B0F46 /* Calculator.h */ = {isa = PBXFileReference; fileEncoding = 4; lastKnownFileType = sourcecode.c.h; path = Calculator.h; sourceTree = "<group>"; };
		77842DFC1D4DB86E006B0F46 /* Add.h */ = {isa = PBXFileReference; fileEncoding = 4; lastKnownFileType = sourcecode.c.h; path = Add.h; sourceTree = "<group>"; };
		77842DFD1D4DB86E006B0F46 /* Add.m */ = {isa = PBXFileReference; fileEncoding = 4; lastKnownFileType = sourcecode.c.objc; path = Add.m; sourceTree = "<group>"; };
		77842DFF1D4DB8B0006B0F46 /* Sub.h */ = {isa = PBXFileReference; fileEncoding = 4; lastKnownFileType = sourcecode.c.h; path = Sub.h; sourceTree = "<group>"; };
		77842E001D4DB8B0006B0F46 /* Sub.m */ = {isa = PBXFileReference; fileEncoding = 4; lastKnownFileType = sourcecode.c.objc; path = Sub.m; sourceTree = "<group>"; };
		77842E021D4DB8F0006B0F46 /* CalContext.h */ = {isa = PBXFileReference; fileEncoding = 4; lastKnownFileType = sourcecode.c.h; path = CalContext.h; sourceTree = "<group>"; };
		77842E031D4DB8F0006B0F46 /* CalContext.m */ = {isa = PBXFileReference; fileEncoding = 4; lastKnownFileType = sourcecode.c.objc; path = CalContext.m; sourceTree = "<group>"; };
		77842E051D4DBC7C006B0F46 /* NSObject+CalContext.h */ = {isa = PBXFileReference; fileEncoding = 4; lastKnownFileType = sourcecode.c.h; path = "NSObject+CalContext.h"; sourceTree = "<group>"; };
		77842E061D4DBC7C006B0F46 /* NSObject+CalContext.m */ = {isa = PBXFileReference; fileEncoding = 4; lastKnownFileType = sourcecode.c.objc; path = "NSObject+CalContext.m"; sourceTree = "<group>"; };
/* End PBXFileReference section */

/* Begin PBXFrameworksBuildPhase section */
		77842DD31D4D8D1A006B0F46 /* Frameworks */ = {
			isa = PBXFrameworksBuildPhase;
			buildActionMask = 2147483647;
			files = (
			);
			runOnlyForDeploymentPostprocessing = 0;
		};
/* End PBXFrameworksBuildPhase section */

/* Begin PBXGroup section */
		77842DCD1D4D8D1A006B0F46 = {
			isa = PBXGroup;
			children = (
				77842DFA1D4DB787006B0F46 /* Calculator */,
				77842DEF1D4DAA7B006B0F46 /* Strategy */,
				77842DD81D4D8D1A006B0F46 /* StrategyPattern */,
				77842DD71D4D8D1A006B0F46 /* Products */,
			);
			sourceTree = "<group>";
		};
		77842DD71D4D8D1A006B0F46 /* Products */ = {
			isa = PBXGroup;
			children = (
				77842DD61D4D8D1A006B0F46 /* StrategyPattern */,
			);
			name = Products;
			sourceTree = "<group>";
		};
		77842DD81D4D8D1A006B0F46 /* StrategyPattern */ = {
			isa = PBXGroup;
			children = (
				77842DED1D4DA8D3006B0F46 /* strategyPattern001.png */,
				77842DEE1D4DA9C6006B0F46 /* strategyPattern002.png */,
				77842DD91D4D8D1A006B0F46 /* main.m */,
				77842DE01D4D9213006B0F46 /* IStrategy.h */,
				77842DE11D4D923D006B0F46 /* BackDoor.h */,
				77842DE21D4D923D006B0F46 /* BackDoor.m */,
				77842DE41D4DA407006B0F46 /* GivenGreenLight.h */,
				77842DE51D4DA407006B0F46 /* GivenGreenLight.m */,
				77842DE71D4DA472006B0F46 /* BlockEnemh.h */,
				77842DE81D4DA472006B0F46 /* BlockEnemh.m */,
				77842DEA1D4DA4E8006B0F46 /* Context.h */,
				77842DEB1D4DA4E8006B0F46 /* Context.m */,
			);
			path = StrategyPattern;
			sourceTree = "<group>";
		};
		77842DEF1D4DAA7B006B0F46 /* Strategy */ = {
			isa = PBXGroup;
			children = (
				77842DF01D4DAA8F006B0F46 /* Strategy.h */,
				77842DF11D4DAAE9006B0F46 /* ConcreteStrategy1.h */,
				77842DF21D4DAAE9006B0F46 /* ConcreteStrategy1.m */,
				77842DF41D4DAB3B006B0F46 /* ConcreteStrategy2.h */,
				77842DF51D4DAB3B006B0F46 /* ConcreteStrategy2.m */,
				77842DF71D4DAB88006B0F46 /* RHCContext.h */,
				77842DF81D4DAB88006B0F46 /* RHCContext.m */,
			);
			path = Strategy;
			sourceTree = "<group>";
		};
		77842DFA1D4DB787006B0F46 /* Calculator */ = {
			isa = PBXGroup;
			children = (
				77842DFB1D4DB795006B0F46 /* Calculator.h */,
				77842DFC1D4DB86E006B0F46 /* Add.h */,
				77842DFD1D4DB86E006B0F46 /* Add.m */,
				77842DFF1D4DB8B0006B0F46 /* Sub.h */,
				77842E001D4DB8B0006B0F46 /* Sub.m */,
				77842E021D4DB8F0006B0F46 /* CalContext.h */,
				77842E031D4DB8F0006B0F46 /* CalContext.m */,
				77842E051D4DBC7C006B0F46 /* NSObject+CalContext.h */,
				77842E061D4DBC7C006B0F46 /* NSObject+CalContext.m */,
			);
			path = Calculator;
			sourceTree = "<group>";
		};
/* End PBXGroup section */

/* Begin PBXNativeTarget section */
		77842DD51D4D8D1A006B0F46 /* StrategyPattern */ = {
			isa = PBXNativeTarget;
			buildConfigurationList = 77842DDD1D4D8D1A006B0F46 /* Build configuration list for PBXNativeTarget "StrategyPattern" */;
			buildPhases = (
				77842DD21D4D8D1A006B0F46 /* Sources */,
				77842DD31D4D8D1A006B0F46 /* Frameworks */,
				77842DD41D4D8D1A006B0F46 /* CopyFiles */,
			);
			buildRules = (
			);
			dependencies = (
			);
			name = StrategyPattern;
			productName = StrategyPattern;
			productReference = 77842DD61D4D8D1A006B0F46 /* StrategyPattern */;
			productType = "com.apple.product-type.tool";
		};
/* End PBXNativeTarget section */

/* Begin PBXProject section */
		77842DCE1D4D8D1A006B0F46 /* Project object */ = {
			isa = PBXProject;
			attributes = {
				LastUpgradeCheck = 0730;
				ORGANIZATIONNAME = "hairong chen";
				TargetAttributes = {
					77842DD51D4D8D1A006B0F46 = {
						CreatedOnToolsVersion = 7.3.1;
					};
				};
			};
			buildConfigurationList = 77842DD11D4D8D1A006B0F46 /* Build configuration list for PBXProject "StrategyPattern" */;
			compatibilityVersion = "Xcode 3.2";
			developmentRegion = English;
			hasScannedForEncodings = 0;
			knownRegions = (
				en,
			);
			mainGroup = 77842DCD1D4D8D1A006B0F46;
			productRefGroup = 77842DD71D4D8D1A006B0F46 /* Products */;
			projectDirPath = "";
			projectRoot = "";
			targets = (
				77842DD51D4D8D1A006B0F46 /* StrategyPattern */,
			);
		};
/* End PBXProject section */

/* Begin PBXSourcesBuildPhase section */
		77842DD21D4D8D1A006B0F46 /* Sources */ = {
			isa = PBXSourcesBuildPhase;
			buildActionMask = 2147483647;
			files = (
				77842DE31D4D923D006B0F46 /* BackDoor.m in Sources */,
				77842DF91D4DAB88006B0F46 /* RHCContext.m in Sources */,
				77842E041D4DB8F0006B0F46 /* CalContext.m in Sources */,
				77842DE61D4DA407006B0F46 /* GivenGreenLight.m in Sources */,
				77842E071D4DBC7C006B0F46 /* NSObject+CalContext.m in Sources */,
				77842DFE1D4DB86E006B0F46 /* Add.m in Sources */,
				77842DF61D4DAB3B006B0F46 /* ConcreteStrategy2.m in Sources */,
				77842DDA1D4D8D1A006B0F46 /* main.m in Sources */,
				77842E011D4DB8B0006B0F46 /* Sub.m in Sources */,
				77842DF31D4DAAE9006B0F46 /* ConcreteStrategy1.m in Sources */,
				77842DEC1D4DA4E8006B0F46 /* Context.m in Sources */,
				77842DE91D4DA472006B0F46 /* BlockEnemh.m in Sources */,
			);
			runOnlyForDeploymentPostprocessing = 0;
		};
/* End PBXSourcesBuildPhase section */

/* Begin XCBuildConfiguration section */
		77842DDB1D4D8D1A006B0F46 /* Debug */ = {
			isa = XCBuildConfiguration;
			buildSettings = {
				ALWAYS_SEARCH_USER_PATHS = NO;
				CLANG_ANALYZER_NONNULL = YES;
				CLANG_CXX_LANGUAGE_STANDARD = "gnu++0x";
				CLANG_CXX_LIBRARY = "libc++";
				CLANG_ENABLE_MODULES = YES;
				CLANG_ENABLE_OBJC_ARC = YES;
				CLANG_WARN_BOOL_CONVERSION = YES;
				CLANG_WARN_CONSTANT_CONVERSION = YES;
				CLANG_WARN_DIRECT_OBJC_ISA_USAGE = YES_ERROR;
				CLANG_WARN_EMPTY_BODY = YES;
				CLANG_WARN_ENUM_CONVERSION = YES;
				CLANG_WARN_INT_CONVERSION = YES;
				CLANG_WARN_OBJC_ROOT_CLASS = YES_ERROR;
				CLANG_WARN_UNREACHABLE_CODE = YES;
				CLANG_WARN__DUPLICATE_METHOD_MATCH = YES;
				CODE_SIGN_IDENTITY = "-";
				COPY_PHASE_STRIP = NO;
				DEBUG_INFORMATION_FORMAT = dwarf;
				ENABLE_STRICT_OBJC_MSGSEND = YES;
				ENABLE_TESTABILITY = YES;
				GCC_C_LANGUAGE_STANDARD = gnu99;
				GCC_DYNAMIC_NO_PIC = NO;
				GCC_NO_COMMON_BLOCKS = YES;
				GCC_OPTIMIZATION_LEVEL = 0;
				GCC_PREPROCESSOR_DEFINITIONS = (
					"DEBUG=1",
					"$(inherited)",
				);
				GCC_WARN_64_TO_32_BIT_CONVERSION = YES;
				GCC_WARN_ABOUT_RETURN_TYPE = YES_ERROR;
				GCC_WARN_UNDECLARED_SELECTOR = YES;
				GCC_WARN_UNINITIALIZED_AUTOS = YES_AGGRESSIVE;
				GCC_WARN_UNUSED_FUNCTION = YES;
				GCC_WARN_UNUSED_VARIABLE = YES;
				MACOSX_DEPLOYMENT_TARGET = 10.11;
				MTL_ENABLE_DEBUG_INFO = YES;
				ONLY_ACTIVE_ARCH = YES;
				SDKROOT = macosx;
			};
			name = Debug;
		};
		77842DDC1D4D8D1A006B0F46 /* Release */ = {
			isa = XCBuildConfiguration;
			buildSettings = {
				ALWAYS_SEARCH_USER_PATHS = NO;
				CLANG_ANALYZER_NONNULL = YES;
				CLANG_CXX_LANGUAGE_STANDARD = "gnu++0x";
				CLANG_CXX_LIBRARY = "libc++";
				CLANG_ENABLE_MODULES = YES;
				CLANG_ENABLE_OBJC_ARC = YES;
				CLANG_WARN_BOOL_CONVERSION = YES;
				CLANG_WARN_CONSTANT_CONVERSION = YES;
				CLANG_WARN_DIRECT_OBJC_ISA_USAGE = YES_ERROR;
				CLANG_WARN_EMPTY_BODY = YES;
				CLANG_WARN_ENUM_CONVERSION = YES;
				CLANG_WARN_INT_CONVERSION = YES;
				CLANG_WARN_OBJC_ROOT_CLASS = YES_ERROR;
				CLANG_WARN_UNREACHABLE_CODE = YES;
				CLANG_WARN__DUPLICATE_METHOD_MATCH = YES;
				CODE_SIGN_IDENTITY = "-";
				COPY_PHASE_STRIP = NO;
				DEBUG_INFORMATION_FORMAT = "dwarf-with-dsym";
				ENABLE_NS_ASSERTIONS = NO;
				ENABLE_STRICT_OBJC_MSGSEND = YES;
				GCC_C_LANGUAGE_STANDARD = gnu99;
				GCC_NO_COMMON_BLOCKS = YES;
				GCC_WARN_64_TO_32_BIT_CONVERSION = YES;
				GCC_WARN_ABOUT_RETURN_TYPE = YES_ERROR;
				GCC_WARN_UNDECLARED_SELECTOR = YES;
				GCC_WARN_UNINITIALIZED_AUTOS = YES_AGGRESSIVE;
				GCC_WARN_UNUSED_FUNCTION = YES;
				GCC_WARN_UNUSED_VARIABLE = YES;
				MACOSX_DEPLOYMENT_TARGET = 10.11;
				MTL_ENABLE_DEBUG_INFO = NO;
				SDKROOT = macosx;
			};
			name = Release;
		};
		77842DDE1D4D8D1A006B0F46 /* Debug */ = {
			isa = XCBuildConfiguration;
			buildSettings = {
				PRODUCT_NAME = "$(TARGET_NAME)";
			};
			name = Debug;
		};
		77842DDF1D4D8D1A006B0F46 /* Release */ = {
			isa = XCBuildConfiguration;
			buildSettings = {
				PRODUCT_NAME = "$(TARGET_NAME)";
			};
			name = Release;
		};
/* End XCBuildConfiguration section */

/* Begin XCConfigurationList section */
		77842DD11D4D8D1A006B0F46 /* Build configuration list for PBXProject "StrategyPattern" */ = {
			isa = XCConfigurationList;
			buildConfigurations = (
				77842DDB1D4D8D1A006B0F46 /* Debug */,
				77842DDC1D4D8D1A006B0F46 /* Release */,
			);
			defaultConfigurationIsVisible = 0;
			defaultConfigurationName = Release;
		};
		77842DDD1D4D8D1A006B0F46 /* Build configuration list for PBXNativeTarget "StrategyPattern" */ = {
			isa = XCConfigurationList;
			buildConfigurations = (
				77842DDE1D4D8D1A006B0F46 /* Debug */,
				77842DDF1D4D8D1A006B0F46 /* Release */,
			);
			defaultConfigurationIsVisible = 0;
		};
/* End XCConfigurationList section */
	};
	rootObject = 77842DCE1D4D8D1A006B0F46 /* Project object */;
}
